
Microsoft Visual Studio Solution File, Format Version 12.00
# Visual Studio Version 17
VisualStudioVersion = 17.5.33516.290
MinimumVisualStudioVersion = 10.0.40219.1
Project("{FAE04EC0-301F-11D3-BF4B-00C04F79EFBC}") = "WpfReekerExam", "WpfReekerExam\WpfReekerExam.csproj", "{5A8F7144-E1EE-4CFC-9721-EF7FF32ECDB7}"
EndProject
Global
	GlobalSection(SolutionConfigurationPlatforms) = preSolution
		Debug|Any CPU = Debug|Any CPU
		Release|Any CPU = Release|Any CPU
	EndGlobalSection
	GlobalSection(ProjectConfigurationPlatforms) = postSolution
		{5A8F7144-E1EE-4CFC-9721-EF7FF32ECDB7}.Debug|Any CPU.ActiveCfg = Debug|Any CPU
		{5A8F7144-E1EE-4CFC-9721-EF7FF32ECDB7}.Debug|Any CPU.Build.0 = Debug|Any CPU
		{5A8F7144-E1EE-4CFC-9721-EF7FF32ECDB7}.Release|Any CPU.ActiveCfg = Release|Any CPU
		{5A8F7144-E1EE-4CFC-9721-EF7FF32ECDB7}.Release|Any CPU.Build.0 = Release|Any CPU
	EndGlobalSection
	GlobalSection(SolutionProperties) = preSolution
		HideSolutionNode = FALSE
	EndGlobalSection
	GlobalSection(ExtensibilityGlobals) = postSolution
		SolutionGuid = {058B8F0B-FAFF-472D-A76C-6D3DE8B7890F}
	EndGlobalSection
EndGlobal
